
Microsoft Visual Studio Solution File, Format Version 12.00
# Visual Studio Version 17
VisualStudioVersion = 17.8.34322.80
MinimumVisualStudioVersion = 10.0.40219.1
Project("{9A19103F-16F7-4668-BE54-9A1E7A4F7556}") = "BookStore.Web_App", "BookStore.Web_App\BookStore.Web_App.csproj", "{9B76E0B8-9689-47F6-9EE3-10D29A9DB3D1}"
EndProject
Project("{2150E333-8FDC-42A3-9474-1A3956D46DE8}") = "API_GATEWAY", "API_GATEWAY", "{67408FA5-D460-48B1-8302-C82AA66555C3}"
EndProject
Project("{2150E333-8FDC-42A3-9474-1A3956D46DE8}") = "Common_Helpers", "Common_Helpers", "{363E6042-7F80-4000-B1CC-98AFF046EECE}"
EndProject
Project("{2150E333-8FDC-42A3-9474-1A3956D46DE8}") = "BookStore_WebApp", "BookStore_WebApp", "{A5B79643-2A6F-418F-A2B3-DADF38F52F44}"
EndProject
Project("{2150E333-8FDC-42A3-9474-1A3956D46DE8}") = "MicroServices", "MicroServices", "{AFD980C9-8AAE-4D8E-8E74-1786871A3D2E}"
EndProject
Project("{9A19103F-16F7-4668-BE54-9A1E7A4F7556}") = "Auth", "Auth\Auth.csproj", "{451DC3CA-0F57-4957-9BFC-E22B094BD628}"
EndProject
Project("{9A19103F-16F7-4668-BE54-9A1E7A4F7556}") = "ApiGateWay", "ApiGateWay\ApiGateWay.csproj", "{75AE0906-B347-40E4-B2C8-2924C457753F}"
EndProject
Project("{9A19103F-16F7-4668-BE54-9A1E7A4F7556}") = "JwtAuthenticationManager", "JwtAuthenticationManager\JwtAuthenticationManager.csproj", "{E2028223-EFA4-4DCF-80D8-BFE46E417DB7}"
EndProject
Project("{9A19103F-16F7-4668-BE54-9A1E7A4F7556}") = "EntityBase", "EntityBase\EntityBase.csproj", "{BE9FE3E3-1F0F-456F-82FE-4F92A7A8394A}"
EndProject
Project("{9A19103F-16F7-4668-BE54-9A1E7A4F7556}") = "DbHelper", "DbHelper\DbHelper.csproj", "{4AF9B4C1-7CB0-4417-A829-78BD302CA6B8}"
EndProject
Global
	GlobalSection(SolutionConfigurationPlatforms) = preSolution
		Debug|Any CPU = Debug|Any CPU
		Release|Any CPU = Release|Any CPU
	EndGlobalSection
	GlobalSection(ProjectConfigurationPlatforms) = postSolution
		{9B76E0B8-9689-47F6-9EE3-10D29A9DB3D1}.Debug|Any CPU.ActiveCfg = Debug|Any CPU
		{9B76E0B8-9689-47F6-9EE3-10D29A9DB3D1}.Debug|Any CPU.Build.0 = Debug|Any CPU
		{9B76E0B8-9689-47F6-9EE3-10D29A9DB3D1}.Release|Any CPU.ActiveCfg = Release|Any CPU
		{9B76E0B8-9689-47F6-9EE3-10D29A9DB3D1}.Release|Any CPU.Build.0 = Release|Any CPU
		{451DC3CA-0F57-4957-9BFC-E22B094BD628}.Debug|Any CPU.ActiveCfg = Debug|Any CPU
		{451DC3CA-0F57-4957-9BFC-E22B094BD628}.Debug|Any CPU.Build.0 = Debug|Any CPU
		{451DC3CA-0F57-4957-9BFC-E22B094BD628}.Release|Any CPU.ActiveCfg = Release|Any CPU
		{451DC3CA-0F57-4957-9BFC-E22B094BD628}.Release|Any CPU.Build.0 = Release|Any CPU
		{75AE0906-B347-40E4-B2C8-2924C457753F}.Debug|Any CPU.ActiveCfg = Debug|Any CPU
		{75AE0906-B347-40E4-B2C8-2924C457753F}.Debug|Any CPU.Build.0 = Debug|Any CPU
		{75AE0906-B347-40E4-B2C8-2924C457753F}.Release|Any CPU.ActiveCfg = Release|Any CPU
		{75AE0906-B347-40E4-B2C8-2924C457753F}.Release|Any CPU.Build.0 = Release|Any CPU
		{E2028223-EFA4-4DCF-80D8-BFE46E417DB7}.Debug|Any CPU.ActiveCfg = Debug|Any CPU
		{E2028223-EFA4-4DCF-80D8-BFE46E417DB7}.Debug|Any CPU.Build.0 = Debug|Any CPU
		{E2028223-EFA4-4DCF-80D8-BFE46E417DB7}.Release|Any CPU.ActiveCfg = Release|Any CPU
		{E2028223-EFA4-4DCF-80D8-BFE46E417DB7}.Release|Any CPU.Build.0 = Release|Any CPU
		{BE9FE3E3-1F0F-456F-82FE-4F92A7A8394A}.Debug|Any CPU.ActiveCfg = Debug|Any CPU
		{BE9FE3E3-1F0F-456F-82FE-4F92A7A8394A}.Debug|Any CPU.Build.0 = Debug|Any CPU
		{BE9FE3E3-1F0F-456F-82FE-4F92A7A8394A}.Release|Any CPU.ActiveCfg = Release|Any CPU
		{BE9FE3E3-1F0F-456F-82FE-4F92A7A8394A}.Release|Any CPU.Build.0 = Release|Any CPU
		{4AF9B4C1-7CB0-4417-A829-78BD302CA6B8}.Debug|Any CPU.ActiveCfg = Debug|Any CPU
		{4AF9B4C1-7CB0-4417-A829-78BD302CA6B8}.Debug|Any CPU.Build.0 = Debug|Any CPU
		{4AF9B4C1-7CB0-4417-A829-78BD302CA6B8}.Release|Any CPU.ActiveCfg = Release|Any CPU
		{4AF9B4C1-7CB0-4417-A829-78BD302CA6B8}.Release|Any CPU.Build.0 = Release|Any CPU
	EndGlobalSection
	GlobalSection(SolutionProperties) = preSolution
		HideSolutionNode = FALSE
	EndGlobalSection
	GlobalSection(NestedProjects) = preSolution
		{9B76E0B8-9689-47F6-9EE3-10D29A9DB3D1} = {A5B79643-2A6F-418F-A2B3-DADF38F52F44}
		{451DC3CA-0F57-4957-9BFC-E22B094BD628} = {AFD980C9-8AAE-4D8E-8E74-1786871A3D2E}
		{75AE0906-B347-40E4-B2C8-2924C457753F} = {67408FA5-D460-48B1-8302-C82AA66555C3}
		{E2028223-EFA4-4DCF-80D8-BFE46E417DB7} = {363E6042-7F80-4000-B1CC-98AFF046EECE}
		{BE9FE3E3-1F0F-456F-82FE-4F92A7A8394A} = {363E6042-7F80-4000-B1CC-98AFF046EECE}
		{4AF9B4C1-7CB0-4417-A829-78BD302CA6B8} = {363E6042-7F80-4000-B1CC-98AFF046EECE}
	EndGlobalSection
	GlobalSection(ExtensibilityGlobals) = postSolution
		SolutionGuid = {D69729D4-7D87-47EC-AB57-77E2E4A8B231}
	EndGlobalSection
EndGlobal
