
Microsoft Visual Studio Solution File, Format Version 12.00
# Visual Studio Version 17
VisualStudioVersion = 17.8.34322.80
MinimumVisualStudioVersion = 10.0.40219.1
Project("{2150E333-8FDC-42A3-9474-1A3956D46DE8}") = "WebApp", "WebApp", "{3DCEC487-E5CE-4880-9151-D4ADD45AE0B8}"
EndProject
Project("{9A19103F-16F7-4668-BE54-9A1E7A4F7556}") = "Book_Store_WebApp", "Book Store WebApp\Book_Store_WebApp.csproj", "{FD9FBD62-B17F-47E9-8F8A-D1F032F6F4AD}"
EndProject
Project("{2150E333-8FDC-42A3-9474-1A3956D46DE8}") = "MicroServices", "MicroServices", "{666F988E-DD76-4141-A0DC-B5353B0E5CF3}"
EndProject
Project("{9A19103F-16F7-4668-BE54-9A1E7A4F7556}") = "Authentication", "Authentication\Authentication.csproj", "{ACB31A24-D4AC-4C03-97FF-EEE7949F1139}"
EndProject
Project("{2150E333-8FDC-42A3-9474-1A3956D46DE8}") = "CommonServices", "CommonServices", "{A6DD6A23-2F69-4249-94A3-D90CC1C8672A}"
EndProject
Project("{2150E333-8FDC-42A3-9474-1A3956D46DE8}") = "Models", "Models", "{597B5BB8-8CC4-49E1-A6D9-ECDD636E9024}"
EndProject
Project("{9A19103F-16F7-4668-BE54-9A1E7A4F7556}") = "Data_Models", "Data_Models\Data_Models.csproj", "{65835B89-68A4-4201-BEB9-0530315C9625}"
EndProject
Project("{9A19103F-16F7-4668-BE54-9A1E7A4F7556}") = "View_Models", "View_Models\View_Models.csproj", "{87196BF7-2508-42DC-9BF3-FA9406D23A8B}"
EndProject
Project("{9A19103F-16F7-4668-BE54-9A1E7A4F7556}") = "WebApp_Common_Helper", "WebApp_Common_Helper\WebApp_Common_Helper.csproj", "{7D419F9F-F5D4-4349-812A-1F364EC972E3}"
EndProject
Project("{9A19103F-16F7-4668-BE54-9A1E7A4F7556}") = "JwtAuthenticationManager", "JwtAuthenticationManager\JwtAuthenticationManager.csproj", "{CE50111D-ACC0-4C00-855D-B5CDF7BD9994}"
EndProject
Project("{9A19103F-16F7-4668-BE54-9A1E7A4F7556}") = "EntityBase", "EntityBase\EntityBase.csproj", "{CA31C954-F74D-43D6-B0B4-53CC5D81C829}"
EndProject
Project("{9A19103F-16F7-4668-BE54-9A1E7A4F7556}") = "Admin", "Admin\Admin.csproj", "{FF18ED78-D513-46FF-A80C-943C13023618}"
EndProject
Project("{9A19103F-16F7-4668-BE54-9A1E7A4F7556}") = "DbHelper", "DbHelper\DbHelper.csproj", "{3862D34F-25D9-4634-9018-1E06CFB98EEB}"
	ProjectSection(ProjectDependencies) = postProject
		{87196BF7-2508-42DC-9BF3-FA9406D23A8B} = {87196BF7-2508-42DC-9BF3-FA9406D23A8B}
	EndProjectSection
EndProject
Project("{2150E333-8FDC-42A3-9474-1A3956D46DE8}") = "Api_Gateway", "Api_Gateway", "{FA1F1B52-B282-42A9-82D6-4527ABCA58D1}"
EndProject
Project("{FAE04EC0-301F-11D3-BF4B-00C04F79EFBC}") = "ApiGateWay", "ApiGateWay\ApiGateWay.csproj", "{0C469A7A-8639-4894-B4D7-C6E8656122C1}"
EndProject
Global
	GlobalSection(SolutionConfigurationPlatforms) = preSolution
		Debug|Any CPU = Debug|Any CPU
		Release|Any CPU = Release|Any CPU
	EndGlobalSection
	GlobalSection(ProjectConfigurationPlatforms) = postSolution
		{FD9FBD62-B17F-47E9-8F8A-D1F032F6F4AD}.Debug|Any CPU.ActiveCfg = Debug|Any CPU
		{FD9FBD62-B17F-47E9-8F8A-D1F032F6F4AD}.Debug|Any CPU.Build.0 = Debug|Any CPU
		{FD9FBD62-B17F-47E9-8F8A-D1F032F6F4AD}.Release|Any CPU.ActiveCfg = Release|Any CPU
		{FD9FBD62-B17F-47E9-8F8A-D1F032F6F4AD}.Release|Any CPU.Build.0 = Release|Any CPU
		{ACB31A24-D4AC-4C03-97FF-EEE7949F1139}.Debug|Any CPU.ActiveCfg = Debug|Any CPU
		{ACB31A24-D4AC-4C03-97FF-EEE7949F1139}.Debug|Any CPU.Build.0 = Debug|Any CPU
		{ACB31A24-D4AC-4C03-97FF-EEE7949F1139}.Release|Any CPU.ActiveCfg = Release|Any CPU
		{ACB31A24-D4AC-4C03-97FF-EEE7949F1139}.Release|Any CPU.Build.0 = Release|Any CPU
		{65835B89-68A4-4201-BEB9-0530315C9625}.Debug|Any CPU.ActiveCfg = Debug|Any CPU
		{65835B89-68A4-4201-BEB9-0530315C9625}.Debug|Any CPU.Build.0 = Debug|Any CPU
		{65835B89-68A4-4201-BEB9-0530315C9625}.Release|Any CPU.ActiveCfg = Release|Any CPU
		{65835B89-68A4-4201-BEB9-0530315C9625}.Release|Any CPU.Build.0 = Release|Any CPU
		{87196BF7-2508-42DC-9BF3-FA9406D23A8B}.Debug|Any CPU.ActiveCfg = Debug|Any CPU
		{87196BF7-2508-42DC-9BF3-FA9406D23A8B}.Debug|Any CPU.Build.0 = Debug|Any CPU
		{87196BF7-2508-42DC-9BF3-FA9406D23A8B}.Release|Any CPU.ActiveCfg = Release|Any CPU
		{87196BF7-2508-42DC-9BF3-FA9406D23A8B}.Release|Any CPU.Build.0 = Release|Any CPU
		{7D419F9F-F5D4-4349-812A-1F364EC972E3}.Debug|Any CPU.ActiveCfg = Debug|Any CPU
		{7D419F9F-F5D4-4349-812A-1F364EC972E3}.Debug|Any CPU.Build.0 = Debug|Any CPU
		{7D419F9F-F5D4-4349-812A-1F364EC972E3}.Release|Any CPU.ActiveCfg = Release|Any CPU
		{7D419F9F-F5D4-4349-812A-1F364EC972E3}.Release|Any CPU.Build.0 = Release|Any CPU
		{CE50111D-ACC0-4C00-855D-B5CDF7BD9994}.Debug|Any CPU.ActiveCfg = Debug|Any CPU
		{CE50111D-ACC0-4C00-855D-B5CDF7BD9994}.Debug|Any CPU.Build.0 = Debug|Any CPU
		{CE50111D-ACC0-4C00-855D-B5CDF7BD9994}.Release|Any CPU.ActiveCfg = Release|Any CPU
		{CE50111D-ACC0-4C00-855D-B5CDF7BD9994}.Release|Any CPU.Build.0 = Release|Any CPU
		{CA31C954-F74D-43D6-B0B4-53CC5D81C829}.Debug|Any CPU.ActiveCfg = Debug|Any CPU
		{CA31C954-F74D-43D6-B0B4-53CC5D81C829}.Debug|Any CPU.Build.0 = Debug|Any CPU
		{CA31C954-F74D-43D6-B0B4-53CC5D81C829}.Release|Any CPU.ActiveCfg = Release|Any CPU
		{CA31C954-F74D-43D6-B0B4-53CC5D81C829}.Release|Any CPU.Build.0 = Release|Any CPU
		{FF18ED78-D513-46FF-A80C-943C13023618}.Debug|Any CPU.ActiveCfg = Debug|Any CPU
		{FF18ED78-D513-46FF-A80C-943C13023618}.Debug|Any CPU.Build.0 = Debug|Any CPU
		{FF18ED78-D513-46FF-A80C-943C13023618}.Release|Any CPU.ActiveCfg = Release|Any CPU
		{FF18ED78-D513-46FF-A80C-943C13023618}.Release|Any CPU.Build.0 = Release|Any CPU
		{3862D34F-25D9-4634-9018-1E06CFB98EEB}.Debug|Any CPU.ActiveCfg = Debug|Any CPU
		{3862D34F-25D9-4634-9018-1E06CFB98EEB}.Debug|Any CPU.Build.0 = Debug|Any CPU
		{3862D34F-25D9-4634-9018-1E06CFB98EEB}.Release|Any CPU.ActiveCfg = Release|Any CPU
		{3862D34F-25D9-4634-9018-1E06CFB98EEB}.Release|Any CPU.Build.0 = Release|Any CPU
		{0C469A7A-8639-4894-B4D7-C6E8656122C1}.Debug|Any CPU.ActiveCfg = Debug|Any CPU
		{0C469A7A-8639-4894-B4D7-C6E8656122C1}.Debug|Any CPU.Build.0 = Debug|Any CPU
		{0C469A7A-8639-4894-B4D7-C6E8656122C1}.Release|Any CPU.ActiveCfg = Release|Any CPU
		{0C469A7A-8639-4894-B4D7-C6E8656122C1}.Release|Any CPU.Build.0 = Release|Any CPU
	EndGlobalSection
	GlobalSection(SolutionProperties) = preSolution
		HideSolutionNode = FALSE
	EndGlobalSection
	GlobalSection(NestedProjects) = preSolution
		{FD9FBD62-B17F-47E9-8F8A-D1F032F6F4AD} = {3DCEC487-E5CE-4880-9151-D4ADD45AE0B8}
		{ACB31A24-D4AC-4C03-97FF-EEE7949F1139} = {666F988E-DD76-4141-A0DC-B5353B0E5CF3}
		{597B5BB8-8CC4-49E1-A6D9-ECDD636E9024} = {A6DD6A23-2F69-4249-94A3-D90CC1C8672A}
		{65835B89-68A4-4201-BEB9-0530315C9625} = {597B5BB8-8CC4-49E1-A6D9-ECDD636E9024}
		{87196BF7-2508-42DC-9BF3-FA9406D23A8B} = {597B5BB8-8CC4-49E1-A6D9-ECDD636E9024}
		{7D419F9F-F5D4-4349-812A-1F364EC972E3} = {A6DD6A23-2F69-4249-94A3-D90CC1C8672A}
		{CE50111D-ACC0-4C00-855D-B5CDF7BD9994} = {A6DD6A23-2F69-4249-94A3-D90CC1C8672A}
		{CA31C954-F74D-43D6-B0B4-53CC5D81C829} = {A6DD6A23-2F69-4249-94A3-D90CC1C8672A}
		{FF18ED78-D513-46FF-A80C-943C13023618} = {666F988E-DD76-4141-A0DC-B5353B0E5CF3}
		{3862D34F-25D9-4634-9018-1E06CFB98EEB} = {A6DD6A23-2F69-4249-94A3-D90CC1C8672A}
		{0C469A7A-8639-4894-B4D7-C6E8656122C1} = {FA1F1B52-B282-42A9-82D6-4527ABCA58D1}
	EndGlobalSection
	GlobalSection(ExtensibilityGlobals) = postSolution
		SolutionGuid = {6B29CAE9-3317-4C4F-9744-47E89C5467B6}
	EndGlobalSection
EndGlobal
